{
  "name": "maketar",
  "version": "1.0.0",
  "lockfileVersion": 1,
  "requires": true,
  "dependencies": {
    "cjse": {
      "version": "1.0.3",
      "resolved": "https://registry.npmjs.org/cjse/-/cjse-1.0.3.tgz",
      "integrity": "sha512-ZKFEpQqMXBAZ1A0j8U1mkqJIvKL3X+Lf9wD76kua+ZJjMtS1wUbu0cUPMcnz0638Hw6/T3YbsQ+zGH6eN2uoQQ=="
    }
  }
}
